hash: acd9b097d0ee567825c6831c5a452f4e4894c4776be9661ff18b7002c60f115b
updated: 2018-04-12T05:00:49.714300583-07:00
imports:
- name: github.com/appscode/go
  version: 0eb2cabe3897bfd0fe615e9849583a88bcc82df4
  subpackages:
  - context
  - ioutil
  - log
  - log/golog
  - runtime
  - sets
- name: github.com/BurntSushi/toml
  version: b26d9c308763d68093482582cea63d69be07a0f0
- name: github.com/fsnotify/fsnotify
  version: c2828203cd70a50dcccfb2761f8b1f8ceef9a8e9
- name: github.com/ghodss/yaml
  version: 73d445a93680fa1a78ae23a5839bad48f32ba1ee
- name: github.com/gobwas/glob
  version: 5ccd90ef52e1e632236f7326478d4faa74f99438
  subpackages:
  - compiler
  - match
  - syntax
  - syntax/ast
  - syntax/lexer
  - util/runes
  - util/strings
- name: github.com/golang/glog
  version: 44145f04b68cf362d9c4df2182967c2275eaefed
- name: github.com/golang/protobuf
  version: 4bd1920723d7b7c925de087aa32e2187708897f7
  subpackages:
  - proto
  - ptypes/any
  - ptypes/timestamp
- name: github.com/google/uuid
  version: dec09d789f3dba190787f8b4454c7d3c936fed9e
- name: github.com/Masterminds/semver
  version: 517734cc7d6470c0d07130e40fd40bdeb9bcd3fd
- name: github.com/spf13/pflag
  version: e57e3eeb33f795204c1ca35f56c44f83227c6e66
- name: golang.org/x/crypto
  version: 81e90905daefcd6fd217b62423c0908922eadb30
  subpackages:
  - cast5
  - openpgp
  - openpgp/armor
  - openpgp/clearsign
  - openpgp/elgamal
  - openpgp/errors
  - openpgp/packet
  - openpgp/s2k
- name: golang.org/x/sys
  version: 43eea11bc92608addb41b8a406b0407495c106f6
  subpackages:
  - unix
  - windows
- name: gopkg.in/yaml.v2
  version: 53feefa2559fb8dfa8d81baad31be332c97d6c77
- name: k8s.io/apimachinery
  version: 180eddb345a5be3a157cea1c624700ad5bd27b8f
  subpackages:
  - pkg/version
- name: k8s.io/client-go
  version: 78700dec6369ba22221b72770783300f143df150
  subpackages:
  - util/homedir
- name: k8s.io/helm
  version: 14af25f1de6832228539259b821949d20069a222
  subpackages:
  - pkg/chartutil
  - pkg/getter
  - pkg/helm/environment
  - pkg/helm/helmpath
  - pkg/ignore
  - pkg/plugin
  - pkg/proto/hapi/chart
  - pkg/proto/hapi/version
  - pkg/provenance
  - pkg/repo
  - pkg/sympath
  - pkg/tlsutil
  - pkg/urlutil
  - pkg/version
testImports: []
